// !$*UTF8*$!
{
	archiveVersion = 1;
	classes = {
	};
	objectVersion = 77;
	objects = {

/* Begin PBXBuildFile section */
		5B1B96182D9C3D0A002E3E0B /* ToDoKitKMP in Frameworks */ = {isa = PBXBuildFile; productRef = 5B1B96172D9C3D0A002E3E0B /* ToDoKitKMP */; };
		5B1FB5102D9C2C1A00E5565A /* libsqlite3.tbd in Frameworks */ = {isa = PBXBuildFile; fileRef = 5B1FB50F2D9C2C1A00E5565A /* libsqlite3.tbd */; };
		5B1FB5122D9C2C1F00E5565A /* libsqlite3.0.tbd in Frameworks */ = {isa = PBXBuildFile; fileRef = 5B1FB5112D9C2C1F00E5565A /* libsqlite3.0.tbd */; };
/* End PBXBuildFile section */

/* Begin PBXContainerItemProxy section */
		5B30C7562D9C02C300CBDDB3 /* PBXContainerItemProxy */ = {
			isa = PBXContainerItemProxy;
			containerPortal = 5B30C73C2D9C02C200CBDDB3 /* Project object */;
			proxyType = 1;
			remoteGlobalIDString = 5B30C7432D9C02C200CBDDB3;
			remoteInfo = "DailyTrack-IOS";
		};
		5B30C7602D9C02C300CBDDB3 /* PBXContainerItemProxy */ = {
			isa = PBXContainerItemProxy;
			containerPortal = 5B30C73C2D9C02C200CBDDB3 /* Project object */;
			proxyType = 1;
			remoteGlobalIDString = 5B30C7432D9C02C200CBDDB3;
			remoteInfo = "DailyTrack-IOS";
		};
/* End PBXContainerItemProxy section */

/* Begin PBXFileReference section */
		5B1FB50F2D9C2C1A00E5565A /* libsqlite3.tbd */ = {isa = PBXFileReference; lastKnownFileType = "sourcecode.text-based-dylib-definition"; name = libsqlite3.tbd; path = Platforms/iPhoneOS.platform/Developer/SDKs/iPhoneOS18.0.sdk/usr/lib/libsqlite3.tbd; sourceTree = DEVELOPER_DIR; };
		5B1FB5112D9C2C1F00E5565A /* libsqlite3.0.tbd */ = {isa = PBXFileReference; lastKnownFileType = "sourcecode.text-based-dylib-definition"; name = libsqlite3.0.tbd; path = Platforms/iPhoneOS.platform/Developer/SDKs/iPhoneOS18.0.sdk/usr/lib/libsqlite3.0.tbd; sourceTree = DEVELOPER_DIR; };
		5B30C7442D9C02C200CBDDB3 /* DailyTrack-IOS.app */ = {isa = PBXFileReference; explicitFileType = wrapper.application; includeInIndex = 0; path = "DailyTrack-IOS.app"; sourceTree = BUILT_PRODUCTS_DIR; };
		5B30C7552D9C02C300CBDDB3 /* DailyTrack-IOSTests.xctest */ = {isa = PBXFileReference; explicitFileType = wrapper.cfbundle; includeInIndex = 0; path = "DailyTrack-IOSTests.xctest"; sourceTree = BUILT_PRODUCTS_DIR; };
		5B30C75F2D9C02C300CBDDB3 /* DailyTrack-IOSUITests.xctest */ = {isa = PBXFileReference; explicitFileType = wrapper.cfbundle; includeInIndex = 0; path = "DailyTrack-IOSUITests.xctest"; sourceTree = BUILT_PRODUCTS_DIR; };
/* End PBXFileReference section */

/* Begin PBXFileSystemSynchronizedRootGroup section */
		5B30C7462D9C02C200CBDDB3 /* DailyTrack-IOS */ = {
			isa = PBXFileSystemSynchronizedRootGroup;
			path = "DailyTrack-IOS";
			sourceTree = "<group>";
		};
		5B30C7582D9C02C300CBDDB3 /* DailyTrack-IOSTests */ = {
			isa = PBXFileSystemSynchronizedRootGroup;
			path = "DailyTrack-IOSTests";
			sourceTree = "<group>";
		};
		5B30C7622D9C02C300CBDDB3 /* DailyTrack-IOSUITests */ = {
			isa = PBXFileSystemSynchronizedRootGroup;
			path = "DailyTrack-IOSUITests";
			sourceTree = "<group>";
		};
/* End PBXFileSystemSynchronizedRootGroup section */

/* Begin PBXFrameworksBuildPhase section */
		5B30C7412D9C02C200CBDDB3 /* Frameworks */ = {
			isa = PBXFrameworksBuildPhase;
			buildActionMask = 2147483647;
			files = (
				5B1FB5122D9C2C1F00E5565A /* libsqlite3.0.tbd in Frameworks */,
				5B1FB5102D9C2C1A00E5565A /* libsqlite3.tbd in Frameworks */,
				5B1B96182D9C3D0A002E3E0B /* ToDoKitKMP in Frameworks */,
			);
			runOnlyForDeploymentPostprocessing = 0;
		};
		5B30C7522D9C02C300CBDDB3 /* Frameworks */ = {
			isa = PBXFrameworksBuildPhase;
			buildActionMask = 2147483647;
			files = (
			);
			runOnlyForDeploymentPostprocessing = 0;
		};
		5B30C75C2D9C02C300CBDDB3 /* Frameworks */ = {
			isa = PBXFrameworksBuildPhase;
			buildActionMask = 2147483647;
			files = (
			);
			runOnlyForDeploymentPostprocessing = 0;
		};
/* End PBXFrameworksBuildPhase section */

/* Begin PBXGroup section */
		5B1FB4FD2D9C18F000E5565A /* Frameworks */ = {
			isa = PBXGroup;
			children = (
				5B1FB5112D9C2C1F00E5565A /* libsqlite3.0.tbd */,
				5B1FB50F2D9C2C1A00E5565A /* libsqlite3.tbd */,
			);
			name = Frameworks;
			sourceTree = "<group>";
		};
		5B30C73B2D9C02C200CBDDB3 = {
			isa = PBXGroup;
			children = (
				5B30C7462D9C02C200CBDDB3 /* DailyTrack-IOS */,
				5B30C7582D9C02C300CBDDB3 /* DailyTrack-IOSTests */,
				5B30C7622D9C02C300CBDDB3 /* DailyTrack-IOSUITests */,
				5B30C7452D9C02C200CBDDB3 /* Products */,
				5B1FB4FD2D9C18F000E5565A /* Frameworks */,
			);
			sourceTree = "<group>";
		};
		5B30C7452D9C02C200CBDDB3 /* Products */ = {
			isa = PBXGroup;
			children = (
				5B30C7442D9C02C200CBDDB3 /* DailyTrack-IOS.app */,
				5B30C7552D9C02C300CBDDB3 /* DailyTrack-IOSTests.xctest */,
				5B30C75F2D9C02C300CBDDB3 /* DailyTrack-IOSUITests.xctest */,
			);
			name = Products;
			sourceTree = "<group>";
		};
/* End PBXGroup section */

/* Begin PBXNativeTarget section */
		5B30C7432D9C02C200CBDDB3 /* DailyTrack-IOS */ = {
			isa = PBXNativeTarget;
			buildConfigurationList = 5B30C7692D9C02C300CBDDB3 /* Build configuration list for PBXNativeTarget "DailyTrack-IOS" */;
			buildPhases = (
				5B30C7402D9C02C200CBDDB3 /* Sources */,
				5B30C7412D9C02C200CBDDB3 /* Frameworks */,
				5B30C7422D9C02C200CBDDB3 /* Resources */,
			);
			buildRules = (
			);
			dependencies = (
			);
			fileSystemSynchronizedGroups = (
				5B30C7462D9C02C200CBDDB3 /* DailyTrack-IOS */,
			);
			name = "DailyTrack-IOS";
			packageProductDependencies = (
				5B1B96172D9C3D0A002E3E0B /* ToDoKitKMP */,
			);
			productName = "DailyTrack-IOS";
			productReference = 5B30C7442D9C02C200CBDDB3 /* DailyTrack-IOS.app */;
			productType = "com.apple.product-type.application";
		};
		5B30C7542D9C02C300CBDDB3 /* DailyTrack-IOSTests */ = {
			isa = PBXNativeTarget;
			buildConfigurationList = 5B30C76C2D9C02C300CBDDB3 /* Build configuration list for PBXNativeTarget "DailyTrack-IOSTests" */;
			buildPhases = (
				5B30C7512D9C02C300CBDDB3 /* Sources */,
				5B30C7522D9C02C300CBDDB3 /* Frameworks */,
				5B30C7532D9C02C300CBDDB3 /* Resources */,
			);
			buildRules = (
			);
			dependencies = (
				5B30C7572D9C02C300CBDDB3 /* PBXTargetDependency */,
			);
			fileSystemSynchronizedGroups = (
				5B30C7582D9C02C300CBDDB3 /* DailyTrack-IOSTests */,
			);
			name = "DailyTrack-IOSTests";
			packageProductDependencies = (
			);
			productName = "DailyTrack-IOSTests";
			productReference = 5B30C7552D9C02C300CBDDB3 /* DailyTrack-IOSTests.xctest */;
			productType = "com.apple.product-type.bundle.unit-test";
		};
		5B30C75E2D9C02C300CBDDB3 /* DailyTrack-IOSUITests */ = {
			isa = PBXNativeTarget;
			buildConfigurationList = 5B30C76F2D9C02C300CBDDB3 /* Build configuration list for PBXNativeTarget "DailyTrack-IOSUITests" */;
			buildPhases = (
				5B30C75B2D9C02C300CBDDB3 /* Sources */,
				5B30C75C2D9C02C300CBDDB3 /* Frameworks */,
				5B30C75D2D9C02C300CBDDB3 /* Resources */,
			);
			buildRules = (
			);
			dependencies = (
				5B30C7612D9C02C300CBDDB3 /* PBXTargetDependency */,
			);
			fileSystemSynchronizedGroups = (
				5B30C7622D9C02C300CBDDB3 /* DailyTrack-IOSUITests */,
			);
			name = "DailyTrack-IOSUITests";
			packageProductDependencies = (
			);
			productName = "DailyTrack-IOSUITests";
			productReference = 5B30C75F2D9C02C300CBDDB3 /* DailyTrack-IOSUITests.xctest */;
			productType = "com.apple.product-type.bundle.ui-testing";
		};
/* End PBXNativeTarget section */

/* Begin PBXProject section */
		5B30C73C2D9C02C200CBDDB3 /* Project object */ = {
			isa = PBXProject;
			attributes = {
				BuildIndependentTargetsInParallel = 1;
				LastSwiftUpdateCheck = 1600;
				LastUpgradeCheck = 1600;
				TargetAttributes = {
					5B30C7432D9C02C200CBDDB3 = {
						CreatedOnToolsVersion = 16.0;
					};
					5B30C7542D9C02C300CBDDB3 = {
						CreatedOnToolsVersion = 16.0;
						TestTargetID = 5B30C7432D9C02C200CBDDB3;
					};
					5B30C75E2D9C02C300CBDDB3 = {
						CreatedOnToolsVersion = 16.0;
						TestTargetID = 5B30C7432D9C02C200CBDDB3;
					};
				};
			};
			buildConfigurationList = 5B30C73F2D9C02C200CBDDB3 /* Build configuration list for PBXProject "DailyTrack-IOS" */;
			developmentRegion = en;
			hasScannedForEncodings = 0;
			knownRegions = (
				en,
				Base,
			);
			mainGroup = 5B30C73B2D9C02C200CBDDB3;
			minimizedProjectReferenceProxies = 1;
			packageReferences = (
				5B1B96162D9C3D00002E3E0B /* XCRemoteSwiftPackageReference "TodoKit" */,
			);
			preferredProjectObjectVersion = 77;
			productRefGroup = 5B30C7452D9C02C200CBDDB3 /* Products */;
			projectDirPath = "";
			projectRoot = "";
			targets = (
				5B30C7432D9C02C200CBDDB3 /* DailyTrack-IOS */,
				5B30C7542D9C02C300CBDDB3 /* DailyTrack-IOSTests */,
				5B30C75E2D9C02C300CBDDB3 /* DailyTrack-IOSUITests */,
			);
		};
/* End PBXProject section */

/* Begin PBXResourcesBuildPhase section */
		5B30C7422D9C02C200CBDDB3 /* Resources */ = {
			isa = PBXResourcesBuildPhase;
			buildActionMask = 2147483647;
			files = (
			);
			runOnlyForDeploymentPostprocessing = 0;
		};
		5B30C7532D9C02C300CBDDB3 /* Resources */ = {
			isa = PBXResourcesBuildPhase;
			buildActionMask = 2147483647;
			files = (
			);
			runOnlyForDeploymentPostprocessing = 0;
		};
		5B30C75D2D9C02C300CBDDB3 /* Resources */ = {
			isa = PBXResourcesBuildPhase;
			buildActionMask = 2147483647;
			files = (
			);
			runOnlyForDeploymentPostprocessing = 0;
		};
/* End PBXResourcesBuildPhase section */

/* Begin PBXSourcesBuildPhase section */
		5B30C7402D9C02C200CBDDB3 /* Sources */ = {
			isa = PBXSourcesBuildPhase;
			buildActionMask = 2147483647;
			files = (
			);
			runOnlyForDeploymentPostprocessing = 0;
		};
		5B30C7512D9C02C300CBDDB3 /* Sources */ = {
			isa = PBXSourcesBuildPhase;
			buildActionMask = 2147483647;
			files = (
			);
			runOnlyForDeploymentPostprocessing = 0;
		};
		5B30C75B2D9C02C300CBDDB3 /* Sources */ = {
			isa = PBXSourcesBuildPhase;
			buildActionMask = 2147483647;
			files = (
			);
			runOnlyForDeploymentPostprocessing = 0;
		};
/* End PBXSourcesBuildPhase section */

/* Begin PBXTargetDependency section */
		5B30C7572D9C02C300CBDDB3 /* PBXTargetDependency */ = {
			isa = PBXTargetDependency;
			target = 5B30C7432D9C02C200CBDDB3 /* DailyTrack-IOS */;
			targetProxy = 5B30C7562D9C02C300CBDDB3 /* PBXContainerItemProxy */;
		};
		5B30C7612D9C02C300CBDDB3 /* PBXTargetDependency */ = {
			isa = PBXTargetDependency;
			target = 5B30C7432D9C02C200CBDDB3 /* DailyTrack-IOS */;
			targetProxy = 5B30C7602D9C02C300CBDDB3 /* PBXContainerItemProxy */;
		};
/* End PBXTargetDependency section */

/* Begin XCBuildConfiguration section */
		5B30C7672D9C02C300CBDDB3 /* Debug */ = {
			isa = XCBuildConfiguration;
			buildSettings = {
				ALWAYS_SEARCH_USER_PATHS = NO;
				ASSETCATALOG_COMPILER_GENERATE_SWIFT_ASSET_SYMBOL_EXTENSIONS = YES;
				CLANG_ANALYZER_NONNULL = YES;
				CLANG_ANALYZER_NUMBER_OBJECT_CONVERSION = YES_AGGRESSIVE;
				CLANG_CXX_LANGUAGE_STANDARD = "gnu++20";
				CLANG_ENABLE_MODULES = YES;
				CLANG_ENABLE_OBJC_ARC = YES;
				CLANG_ENABLE_OBJC_WEAK = YES;
				CLANG_WARN_BLOCK_CAPTURE_AUTORELEASING = YES;
				CLANG_WARN_BOOL_CONVERSION = YES;
				CLANG_WARN_COMMA = YES;
				CLANG_WARN_CONSTANT_CONVERSION = YES;
				CLANG_WARN_DEPRECATED_OBJC_IMPLEMENTATIONS = YES;
				CLANG_WARN_DIRECT_OBJC_ISA_USAGE = YES_ERROR;
				CLANG_WARN_DOCUMENTATION_COMMENTS = YES;
				CLANG_WARN_EMPTY_BODY = YES;
				CLANG_WARN_ENUM_CONVERSION = YES;
				CLANG_WARN_INFINITE_RECURSION = YES;
				CLANG_WARN_INT_CONVERSION = YES;
				CLANG_WARN_NON_LITERAL_NULL_CONVERSION = YES;
				CLANG_WARN_OBJC_IMPLICIT_RETAIN_SELF = YES;
				CLANG_WARN_OBJC_LITERAL_CONVERSION = YES;
				CLANG_WARN_OBJC_ROOT_CLASS = YES_ERROR;
				CLANG_WARN_QUOTED_INCLUDE_IN_FRAMEWORK_HEADER = YES;
				CLANG_WARN_RANGE_LOOP_ANALYSIS = YES;
				CLANG_WARN_STRICT_PROTOTYPES = YES;
				CLANG_WARN_SUSPICIOUS_MOVE = YES;
				CLANG_WARN_UNGUARDED_AVAILABILITY = YES_AGGRESSIVE;
				CLANG_WARN_UNREACHABLE_CODE = YES;
				CLANG_WARN__DUPLICATE_METHOD_MATCH = YES;
				COPY_PHASE_STRIP = NO;
				DEBUG_INFORMATION_FORMAT = dwarf;
				ENABLE_STRICT_OBJC_MSGSEND = YES;
				ENABLE_TESTABILITY = YES;
				ENABLE_USER_SCRIPT_SANDBOXING = YES;
				GCC_C_LANGUAGE_STANDARD = gnu17;
				GCC_DYNAMIC_NO_PIC = NO;
				GCC_NO_COMMON_BLOCKS = YES;
				GCC_OPTIMIZATION_LEVEL = 0;
				GCC_PREPROCESSOR_DEFINITIONS = (
					"DEBUG=1",
					"$(inherited)",
				);
				GCC_WARN_64_TO_32_BIT_CONVERSION = YES;
				GCC_WARN_ABOUT_RETURN_TYPE = YES_ERROR;
				GCC_WARN_UNDECLARED_SELECTOR = YES;
				GCC_WARN_UNINITIALIZED_AUTOS = YES_AGGRESSIVE;
				GCC_WARN_UNUSED_FUNCTION = YES;
				GCC_WARN_UNUSED_VARIABLE = YES;
				LOCALIZATION_PREFERS_STRING_CATALOGS = YES;
				MTL_ENABLE_DEBUG_INFO = INCLUDE_SOURCE;
				MTL_FAST_MATH = YES;
				ONLY_ACTIVE_ARCH = YES;
				SWIFT_ACTIVE_COMPILATION_CONDITIONS = "DEBUG $(inherited)";
				SWIFT_OPTIMIZATION_LEVEL = "-Onone";
			};
			name = Debug;
		};
		5B30C7682D9C02C300CBDDB3 /* Release */ = {
			isa = XCBuildConfiguration;
			buildSettings = {
				ALWAYS_SEARCH_USER_PATHS = NO;
				ASSETCATALOG_COMPILER_GENERATE_SWIFT_ASSET_SYMBOL_EXTENSIONS = YES;
				CLANG_ANALYZER_NONNULL = YES;
				CLANG_ANALYZER_NUMBER_OBJECT_CONVERSION = YES_AGGRESSIVE;
				CLANG_CXX_LANGUAGE_STANDARD = "gnu++20";
				CLANG_ENABLE_MODULES = YES;
				CLANG_ENABLE_OBJC_ARC = YES;
				CLANG_ENABLE_OBJC_WEAK = YES;
				CLANG_WARN_BLOCK_CAPTURE_AUTORELEASING = YES;
				CLANG_WARN_BOOL_CONVERSION = YES;
				CLANG_WARN_COMMA = YES;
				CLANG_WARN_CONSTANT_CONVERSION = YES;
				CLANG_WARN_DEPRECATED_OBJC_IMPLEMENTATIONS = YES;
				CLANG_WARN_DIRECT_OBJC_ISA_USAGE = YES_ERROR;
				CLANG_WARN_DOCUMENTATION_COMMENTS = YES;
				CLANG_WARN_EMPTY_BODY = YES;
				CLANG_WARN_ENUM_CONVERSION = YES;
				CLANG_WARN_INFINITE_RECURSION = YES;
				CLANG_WARN_INT_CONVERSION = YES;
				CLANG_WARN_NON_LITERAL_NULL_CONVERSION = YES;
				CLANG_WARN_OBJC_IMPLICIT_RETAIN_SELF = YES;
				CLANG_WARN_OBJC_LITERAL_CONVERSION = YES;
				CLANG_WARN_OBJC_ROOT_CLASS = YES_ERROR;
				CLANG_WARN_QUOTED_INCLUDE_IN_FRAMEWORK_HEADER = YES;
				CLANG_WARN_RANGE_LOOP_ANALYSIS = YES;
				CLANG_WARN_STRICT_PROTOTYPES = YES;
				CLANG_WARN_SUSPICIOUS_MOVE = YES;
				CLANG_WARN_UNGUARDED_AVAILABILITY = YES_AGGRESSIVE;
				CLANG_WARN_UNREACHABLE_CODE = YES;
				CLANG_WARN__DUPLICATE_METHOD_MATCH = YES;
				COPY_PHASE_STRIP = NO;
				DEBUG_INFORMATION_FORMAT = "dwarf-with-dsym";
				ENABLE_NS_ASSERTIONS = NO;
				ENABLE_STRICT_OBJC_MSGSEND = YES;
				ENABLE_USER_SCRIPT_SANDBOXING = YES;
				GCC_C_LANGUAGE_STANDARD = gnu17;
				GCC_NO_COMMON_BLOCKS = YES;
				GCC_WARN_64_TO_32_BIT_CONVERSION = YES;
				GCC_WARN_ABOUT_RETURN_TYPE = YES_ERROR;
				GCC_WARN_UNDECLARED_SELECTOR = YES;
				GCC_WARN_UNINITIALIZED_AUTOS = YES_AGGRESSIVE;
				GCC_WARN_UNUSED_FUNCTION = YES;
				GCC_WARN_UNUSED_VARIABLE = YES;
				LOCALIZATION_PREFERS_STRING_CATALOGS = YES;
				MTL_ENABLE_DEBUG_INFO = NO;
				MTL_FAST_MATH = YES;
				SWIFT_COMPILATION_MODE = wholemodule;
			};
			name = Release;
		};
		5B30C76A2D9C02C300CBDDB3 /* Debug */ = {
			isa = XCBuildConfiguration;
			buildSettings = {
				ASSETCATALOG_COMPILER_APPICON_NAME = AppIcon;
				ASSETCATALOG_COMPILER_GLOBAL_ACCENT_COLOR_NAME = AccentColor;
				CODE_SIGN_ENTITLEMENTS = "DailyTrack-IOS/DailyTrack_IOS.entitlements";
				CODE_SIGN_STYLE = Automatic;
				CURRENT_PROJECT_VERSION = 1;
				DEVELOPMENT_ASSET_PATHS = "\"DailyTrack-IOS/Preview Content\"";
				DEVELOPMENT_TEAM = U4YK482S42;
				ENABLE_HARDENED_RUNTIME = YES;
				ENABLE_PREVIEWS = YES;
				GENERATE_INFOPLIST_FILE = YES;
				"INFOPLIST_KEY_UIApplicationSceneManifest_Generation[sdk=iphoneos*]" = YES;
				"INFOPLIST_KEY_UIApplicationSceneManifest_Generation[sdk=iphonesimulator*]" = YES;
				"INFOPLIST_KEY_UIApplicationSupportsIndirectInputEvents[sdk=iphoneos*]" = YES;
				"INFOPLIST_KEY_UIApplicationSupportsIndirectInputEvents[sdk=iphonesimulator*]" = YES;
				"INFOPLIST_KEY_UILaunchScreen_Generation[sdk=iphoneos*]" = YES;
				"INFOPLIST_KEY_UILaunchScreen_Generation[sdk=iphonesimulator*]" = YES;
				"INFOPLIST_KEY_UIStatusBarStyle[sdk=iphoneos*]" = UIStatusBarStyleDefault;
				"INFOPLIST_KEY_UIStatusBarStyle[sdk=iphonesimulator*]" = UIStatusBarStyleDefault;
				INFOPLIST_KEY_UISupportedInterfaceOrientations_iPad = "UIInterfaceOrientationPortrait UIInterfaceOrientationPortraitUpsideDown UIInterfaceOrientationLandscapeLeft UIInterfaceOrientationLandscapeRight";
				INFOPLIST_KEY_UISupportedInterfaceOrientations_iPhone = "UIInterfaceOrientationPortrait UIInterfaceOrientationLandscapeLeft UIInterfaceOrientationLandscapeRight";
				IPHONEOS_DEPLOYMENT_TARGET = 18.0;
				LD_RUNPATH_SEARCH_PATHS = "@executable_path/Frameworks";
				"LD_RUNPATH_SEARCH_PATHS[sdk=macosx*]" = "@executable_path/../Frameworks";
				MACOSX_DEPLOYMENT_TARGET = 15.0;
				MARKETING_VERSION = 1.0;
				PRODUCT_BUNDLE_IDENTIFIER = "com.marcelo.DailyTrack-IOS";
				PRODUCT_NAME = "$(TARGET_NAME)";
				SDKROOT = auto;
				SUPPORTED_PLATFORMS = "iphoneos iphonesimulator macosx xros xrsimulator";
				SWIFT_EMIT_LOC_STRINGS = YES;
				SWIFT_VERSION = 5.0;
				TARGETED_DEVICE_FAMILY = "1,2,7";
				XROS_DEPLOYMENT_TARGET = 2.0;
			};
			name = Debug;
		};
		5B30C76B2D9C02C300CBDDB3 /* Release */ = {
			isa = XCBuildConfiguration;
			buildSettings = {
				ASSETCATALOG_COMPILER_APPICON_NAME = AppIcon;
				ASSETCATALOG_COMPILER_GLOBAL_ACCENT_COLOR_NAME = AccentColor;
				CODE_SIGN_ENTITLEMENTS = "DailyTrack-IOS/DailyTrack_IOS.entitlements";
				CODE_SIGN_STYLE = Automatic;
				CURRENT_PROJECT_VERSION = 1;
				DEVELOPMENT_ASSET_PATHS = "\"DailyTrack-IOS/Preview Content\"";
				DEVELOPMENT_TEAM = U4YK482S42;
				ENABLE_HARDENED_RUNTIME = YES;
				ENABLE_PREVIEWS = YES;
				GENERATE_INFOPLIST_FILE = YES;
				"INFOPLIST_KEY_UIApplicationSceneManifest_Generation[sdk=iphoneos*]" = YES;
				"INFOPLIST_KEY_UIApplicationSceneManifest_Generation[sdk=iphonesimulator*]" = YES;
				"INFOPLIST_KEY_UIApplicationSupportsIndirectInputEvents[sdk=iphoneos*]" = YES;
				"INFOPLIST_KEY_UIApplicationSupportsIndirectInputEvents[sdk=iphonesimulator*]" = YES;
				"INFOPLIST_KEY_UILaunchScreen_Generation[sdk=iphoneos*]" = YES;
				"INFOPLIST_KEY_UILaunchScreen_Generation[sdk=iphonesimulator*]" = YES;
				"INFOPLIST_KEY_UIStatusBarStyle[sdk=iphoneos*]" = UIStatusBarStyleDefault;
				"INFOPLIST_KEY_UIStatusBarStyle[sdk=iphonesimulator*]" = UIStatusBarStyleDefault;
				INFOPLIST_KEY_UISupportedInterfaceOrientations_iPad = "UIInterfaceOrientationPortrait UIInterfaceOrientationPortraitUpsideDown UIInterfaceOrientationLandscapeLeft UIInterfaceOrientationLandscapeRight";
				INFOPLIST_KEY_UISupportedInterfaceOrientations_iPhone = "UIInterfaceOrientationPortrait UIInterfaceOrientationLandscapeLeft UIInterfaceOrientationLandscapeRight";
				IPHONEOS_DEPLOYMENT_TARGET = 18.0;
				LD_RUNPATH_SEARCH_PATHS = "@executable_path/Frameworks";
				"LD_RUNPATH_SEARCH_PATHS[sdk=macosx*]" = "@executable_path/../Frameworks";
				MACOSX_DEPLOYMENT_TARGET = 15.0;
				MARKETING_VERSION = 1.0;
				PRODUCT_BUNDLE_IDENTIFIER = "com.marcelo.DailyTrack-IOS";
				PRODUCT_NAME = "$(TARGET_NAME)";
				SDKROOT = auto;
				SUPPORTED_PLATFORMS = "iphoneos iphonesimulator macosx xros xrsimulator";
				SWIFT_EMIT_LOC_STRINGS = YES;
				SWIFT_VERSION = 5.0;
				TARGETED_DEVICE_FAMILY = "1,2,7";
				XROS_DEPLOYMENT_TARGET = 2.0;
			};
			name = Release;
		};
		5B30C76D2D9C02C300CBDDB3 /* Debug */ = {
			isa = XCBuildConfiguration;
			buildSettings = {
				BUNDLE_LOADER = "$(TEST_HOST)";
				CODE_SIGN_STYLE = Automatic;
				CURRENT_PROJECT_VERSION = 1;
				DEVELOPMENT_TEAM = U4YK482S42;
				GENERATE_INFOPLIST_FILE = YES;
				IPHONEOS_DEPLOYMENT_TARGET = 18.0;
				MACOSX_DEPLOYMENT_TARGET = 15.0;
				MARKETING_VERSION = 1.0;
				PRODUCT_BUNDLE_IDENTIFIER = "com.marcelo.DailyTrack-IOSTests";
				PRODUCT_NAME = "$(TARGET_NAME)";
				SDKROOT = auto;
				SUPPORTED_PLATFORMS = "iphoneos iphonesimulator macosx xros xrsimulator";
				SWIFT_EMIT_LOC_STRINGS = NO;
				SWIFT_VERSION = 5.0;
				TARGETED_DEVICE_FAMILY = "1,2,7";
				TEST_HOST = "$(BUILT_PRODUCTS_DIR)/DailyTrack-IOS.app/$(BUNDLE_EXECUTABLE_FOLDER_PATH)/DailyTrack-IOS";
				XROS_DEPLOYMENT_TARGET = 2.0;
			};
			name = Debug;
		};
		5B30C76E2D9C02C300CBDDB3 /* Release */ = {
			isa = XCBuildConfiguration;
			buildSettings = {
				BUNDLE_LOADER = "$(TEST_HOST)";
				CODE_SIGN_STYLE = Automatic;
				CURRENT_PROJECT_VERSION = 1;
				DEVELOPMENT_TEAM = U4YK482S42;
				GENERATE_INFOPLIST_FILE = YES;
				IPHONEOS_DEPLOYMENT_TARGET = 18.0;
				MACOSX_DEPLOYMENT_TARGET = 15.0;
				MARKETING_VERSION = 1.0;
				PRODUCT_BUNDLE_IDENTIFIER = "com.marcelo.DailyTrack-IOSTests";
				PRODUCT_NAME = "$(TARGET_NAME)";
				SDKROOT = auto;
				SUPPORTED_PLATFORMS = "iphoneos iphonesimulator macosx xros xrsimulator";
				SWIFT_EMIT_LOC_STRINGS = NO;
				SWIFT_VERSION = 5.0;
				TARGETED_DEVICE_FAMILY = "1,2,7";
				TEST_HOST = "$(BUILT_PRODUCTS_DIR)/DailyTrack-IOS.app/$(BUNDLE_EXECUTABLE_FOLDER_PATH)/DailyTrack-IOS";
				XROS_DEPLOYMENT_TARGET = 2.0;
			};
			name = Release;
		};
		5B30C7702D9C02C300CBDDB3 /* Debug */ = {
			isa = XCBuildConfiguration;
			buildSettings = {
				CODE_SIGN_STYLE = Automatic;
				CURRENT_PROJECT_VERSION = 1;
				DEVELOPMENT_TEAM = U4YK482S42;
				GENERATE_INFOPLIST_FILE = YES;
				IPHONEOS_DEPLOYMENT_TARGET = 18.0;
				MACOSX_DEPLOYMENT_TARGET = 15.0;
				MARKETING_VERSION = 1.0;
				PRODUCT_BUNDLE_IDENTIFIER = "com.marcelo.DailyTrack-IOSUITests";
				PRODUCT_NAME = "$(TARGET_NAME)";
				SDKROOT = auto;
				SUPPORTED_PLATFORMS = "iphoneos iphonesimulator macosx xros xrsimulator";
				SWIFT_EMIT_LOC_STRINGS = NO;
				SWIFT_VERSION = 5.0;
				TARGETED_DEVICE_FAMILY = "1,2,7";
				TEST_TARGET_NAME = "DailyTrack-IOS";
				XROS_DEPLOYMENT_TARGET = 2.0;
			};
			name = Debug;
		};
		5B30C7712D9C02C300CBDDB3 /* Release */ = {
			isa = XCBuildConfiguration;
			buildSettings = {
				CODE_SIGN_STYLE = Automatic;
				CURRENT_PROJECT_VERSION = 1;
				DEVELOPMENT_TEAM = U4YK482S42;
				GENERATE_INFOPLIST_FILE = YES;
				IPHONEOS_DEPLOYMENT_TARGET = 18.0;
				MACOSX_DEPLOYMENT_TARGET = 15.0;
				MARKETING_VERSION = 1.0;
				PRODUCT_BUNDLE_IDENTIFIER = "com.marcelo.DailyTrack-IOSUITests";
				PRODUCT_NAME = "$(TARGET_NAME)";
				SDKROOT = auto;
				SUPPORTED_PLATFORMS = "iphoneos iphonesimulator macosx xros xrsimulator";
				SWIFT_EMIT_LOC_STRINGS = NO;
				SWIFT_VERSION = 5.0;
				TARGETED_DEVICE_FAMILY = "1,2,7";
				TEST_TARGET_NAME = "DailyTrack-IOS";
				XROS_DEPLOYMENT_TARGET = 2.0;
			};
			name = Release;
		};
/* End XCBuildConfiguration section */

/* Begin XCConfigurationList section */
		5B30C73F2D9C02C200CBDDB3 /* Build configuration list for PBXProject "DailyTrack-IOS" */ = {
			isa = XCConfigurationList;
			buildConfigurations = (
				5B30C7672D9C02C300CBDDB3 /* Debug */,
				5B30C7682D9C02C300CBDDB3 /* Release */,
			);
			defaultConfigurationIsVisible = 0;
			defaultConfigurationName = Release;
		};
		5B30C7692D9C02C300CBDDB3 /* Build configuration list for PBXNativeTarget "DailyTrack-IOS" */ = {
			isa = XCConfigurationList;
			buildConfigurations = (
				5B30C76A2D9C02C300CBDDB3 /* Debug */,
				5B30C76B2D9C02C300CBDDB3 /* Release */,
			);
			defaultConfigurationIsVisible = 0;
			defaultConfigurationName = Release;
		};
		5B30C76C2D9C02C300CBDDB3 /* Build configuration list for PBXNativeTarget "DailyTrack-IOSTests" */ = {
			isa = XCConfigurationList;
			buildConfigurations = (
				5B30C76D2D9C02C300CBDDB3 /* Debug */,
				5B30C76E2D9C02C300CBDDB3 /* Release */,
			);
			defaultConfigurationIsVisible = 0;
			defaultConfigurationName = Release;
		};
		5B30C76F2D9C02C300CBDDB3 /* Build configuration list for PBXNativeTarget "DailyTrack-IOSUITests" */ = {
			isa = XCConfigurationList;
			buildConfigurations = (
				5B30C7702D9C02C300CBDDB3 /* Debug */,
				5B30C7712D9C02C300CBDDB3 /* Release */,
			);
			defaultConfigurationIsVisible = 0;
			defaultConfigurationName = Release;
		};
/* End XCConfigurationList section */

/* Begin XCRemoteSwiftPackageReference section */
		5B1B96162D9C3D00002E3E0B /* XCRemoteSwiftPackageReference "TodoKit" */ = {
			isa = XCRemoteSwiftPackageReference;
			repositoryURL = "https://github.com/MarceloLuiz12/TodoKit.git";
			requirement = {
				branch = main;
				kind = branch;
			};
		};
/* End XCRemoteSwiftPackageReference section */

/* Begin XCSwiftPackageProductDependency section */
		5B1B96172D9C3D0A002E3E0B /* ToDoKitKMP */ = {
			isa = XCSwiftPackageProductDependency;
			package = 5B1B96162D9C3D00002E3E0B /* XCRemoteSwiftPackageReference "TodoKit" */;
			productName = ToDoKitKMP;
		};
/* End XCSwiftPackageProductDependency section */
	};
	rootObject = 5B30C73C2D9C02C200CBDDB3 /* Project object */;
}
